
Microsoft Visual Studio Solution File, Format Version 12.00
Project("{FAE04EC0-301F-11D3-BF4B-00C04F79EFBC}") = "ConsoleReturnJson", "ConsoleReturnJson\ConsoleReturnJson.csproj", "{CE84B086-1FD1-4C4C-9D38-F00E77419F88}"
EndProject
Global
	GlobalSection(SolutionConfigurationPlatforms) = preSolution
		Debug|Any CPU = Debug|Any CPU
		Release|Any CPU = Release|Any CPU
	EndGlobalSection
	GlobalSection(ProjectConfigurationPlatforms) = postSolution
		{CE84B086-1FD1-4C4C-9D38-F00E77419F88}.Debug|Any CPU.ActiveCfg = Debug|Any CPU
		{CE84B086-1FD1-4C4C-9D38-F00E77419F88}.Debug|Any CPU.Build.0 = Debug|Any CPU
		{CE84B086-1FD1-4C4C-9D38-F00E77419F88}.Release|Any CPU.ActiveCfg = Release|Any CPU
		{CE84B086-1FD1-4C4C-9D38-F00E77419F88}.Release|Any CPU.Build.0 = Release|Any CPU
	EndGlobalSection
EndGlobal
